PODS:
  - AFNetworking (3.2.1):
    - AFNetworking/NSURLSession (= 3.2.1)
    - AFNetworking/Reachability (= 3.2.1)
    - AFNetworking/Security (= 3.2.1)
    - AFNetworking/Serialization (= 3.2.1)
    - AFNetworking/UIKit (= 3.2.1)
  - AFNetworking/NSURLSession (3.2.1):
    - AFNetworking/Reachability
    - AFNetworking/Security
    - AFNetworking/Serialization
  - AFNetworking/Reachability (3.2.1)
  - AFNetworking/Security (3.2.1)
  - AFNetworking/Serialization (3.2.1)
  - AFNetworking/UIKit (3.2.1):
    - AFNetworking/NSURLSession
  - SLCategoryObjCKit/String (0.2.0)
  - SLToolObjCKit (0.2.0):
    - SLToolObjCKit/Alert (= 0.2.0)
    - SLToolObjCKit/Network (= 0.2.0)
    - SLToolObjCKit/ProgressHUD (= 0.2.0)
    - SLToolObjCKit/Thread (= 0.2.0)
    - SLToolObjCKit/Timer (= 0.2.0)
    - SLToolObjCKit/UpdateApp (= 0.2.0)
    - SLToolObjCKit/UserDefaults (= 0.2.0)
  - SLToolObjCKit/Alert (0.2.0)
  - SLToolObjCKit/Network (0.2.0):
    - AFNetworking
    - SLCategoryObjCKit/String
    - SVProgressHUD
  - SLToolObjCKit/ProgressHUD (0.2.0):
    - SVProgressHUD
  - SLToolObjCKit/Thread (0.2.0)
  - SLToolObjCKit/Timer (0.2.0)
  - SLToolObjCKit/UpdateApp (0.2.0)
  - SLToolObjCKit/UserDefaults (0.2.0)
  - SVProgressHUD (2.2.5)

DEPENDENCIES:
  - SLToolObjCKit (from `../`)

SPEC REPOS:
  https://github.com/cocoapods/specs.git:
    - AFNetworking
    - SLCategoryObjCKit
    - SVProgressHUD

EXTERNAL SOURCES:
  SLToolObjCKit:
    :path: "../"

SPEC CHECKSUMS:
  AFNetworking: b6f891fdfaed196b46c7a83cf209e09697b94057
  SLCategoryObjCKit: 46eed3de58cc886661eb99498fec377ccd932559
  SLToolObjCKit: 10c50f6042f34dbe9a3cbce030a5b765b67a3d52
  SVProgressHUD: 1428aafac632c1f86f62aa4243ec12008d7a51d6

PODFILE CHECKSUM: d36088fe82ade4eadb79ff89a5097731c4b2bb8f

COCOAPODS: 1.6.0
